// !$*UTF8*$!
{
	archiveVersion = 1;
	classes = {
	};
	objectVersion = 46;
	objects = {

/* Begin PBXBuildFile section */
		28CA1DA518FAD0F7005C5AD4 /* Foundation.framework in Frameworks */ = {isa = PBXBuildFile; fileRef = 28CA1DA418FAD0F7005C5AD4 /* Foundation.framework */; };
		28CA1DA718FAD0F7005C5AD4 /* CoreGraphics.framework in Frameworks */ = {isa = PBXBuildFile; fileRef = 28CA1DA618FAD0F7005C5AD4 /* CoreGraphics.framework */; };
		28CA1DA918FAD0F7005C5AD4 /* UIKit.framework in Frameworks */ = {isa = PBXBuildFile; fileRef = 28CA1DA818FAD0F7005C5AD4 /* UIKit.framework */; };
		28CA1DAF18FAD0F7005C5AD4 /* InfoPlist.strings in Resources */ = {isa = PBXBuildFile; fileRef = 28CA1DAD18FAD0F7005C5AD4 /* InfoPlist.strings */; };
		28CA1DB118FAD0F7005C5AD4 /* main.m in Sources */ = {isa = PBXBuildFile; fileRef = 28CA1DB018FAD0F7005C5AD4 /* main.m */; };
		28CA1DB518FAD0F7005C5AD4 /* AppDelegate.m in Sources */ = {isa = PBXBuildFile; fileRef = 28CA1DB418FAD0F7005C5AD4 /* AppDelegate.m */; };
		28CA1DB818FAD0F7005C5AD4 /* Main.storyboard in Resources */ = {isa = PBXBuildFile; fileRef = 28CA1DB618FAD0F7005C5AD4 /* Main.storyboard */; };
		28CA1DBD18FAD0F7005C5AD4 /* Images.xcassets in Resources */ = {isa = PBXBuildFile; fileRef = 28CA1DBC18FAD0F7005C5AD4 /* Images.xcassets */; };
		28CA1DC418FAD0F7005C5AD4 /* XCTest.framework in Frameworks */ = {isa = PBXBuildFile; fileRef = 28CA1DC318FAD0F7005C5AD4 /* XCTest.framework */; };
		28CA1DC518FAD0F7005C5AD4 /* Foundation.framework in Frameworks */ = {isa = PBXBuildFile; fileRef = 28CA1DA418FAD0F7005C5AD4 /* Foundation.framework */; };
		28CA1DC618FAD0F7005C5AD4 /* UIKit.framework in Frameworks */ = {isa = PBXBuildFile; fileRef = 28CA1DA818FAD0F7005C5AD4 /* UIKit.framework */; };
		28CA1DCE18FAD0F7005C5AD4 /* InfoPlist.strings in Resources */ = {isa = PBXBuildFile; fileRef = 28CA1DCC18FAD0F7005C5AD4 /* InfoPlist.strings */; };
		28CA1DD018FAD0F7005C5AD4 /* aastatsTests.m in Sources */ = {isa = PBXBuildFile; fileRef = 28CA1DCF18FAD0F7005C5AD4 /* aastatsTests.m */; };
		28CA1DDE18FAD46B005C5AD4 /* project_setup in Resources */ = {isa = PBXBuildFile; fileRef = 28CA1DDD18FAD46B005C5AD4 /* project_setup */; };
		28CA1DE018FAD47E005C5AD4 /* AA Stats App.markdown in Resources */ = {isa = PBXBuildFile; fileRef = 28CA1DDF18FAD47E005C5AD4 /* AA Stats App.markdown */; };
		28CA1DF218FAD5EB005C5AD4 /* Company.m in Sources */ = {isa = PBXBuildFile; fileRef = 28CA1DE318FAD5EB005C5AD4 /* Company.m */; };
		28CA1DF318FAD5EB005C5AD4 /* Interval.m in Sources */ = {isa = PBXBuildFile; fileRef = 28CA1DE518FAD5EB005C5AD4 /* Interval.m */; };
		28CA1DF418FAD5EB005C5AD4 /* Permission.m in Sources */ = {isa = PBXBuildFile; fileRef = 28CA1DE718FAD5EB005C5AD4 /* Permission.m */; };
		28CA1DF518FAD5EB005C5AD4 /* Pivot.m in Sources */ = {isa = PBXBuildFile; fileRef = 28CA1DE918FAD5EB005C5AD4 /* Pivot.m */; };
		28CA1DF618FAD5EB005C5AD4 /* Preference.m in Sources */ = {isa = PBXBuildFile; fileRef = 28CA1DEB18FAD5EB005C5AD4 /* Preference.m */; };
		28CA1DF718FAD5EB005C5AD4 /* Role.m in Sources */ = {isa = PBXBuildFile; fileRef = 28CA1DED18FAD5EB005C5AD4 /* Role.m */; };
		28CA1DF818FAD5EB005C5AD4 /* Status.m in Sources */ = {isa = PBXBuildFile; fileRef = 28CA1DEF18FAD5EB005C5AD4 /* Status.m */; };
		28CA1DF918FAD5EB005C5AD4 /* User.m in Sources */ = {isa = PBXBuildFile; fileRef = 28CA1DF118FAD5EB005C5AD4 /* User.m */; };
		28CA1DFE18FAD68F005C5AD4 /* ViewController.m in Sources */ = {isa = PBXBuildFile; fileRef = 28CA1DFD18FAD68F005C5AD4 /* ViewController.m */; };
		28CA1DFF18FAD68F005C5AD4 /* ViewController.m in Sources */ = {isa = PBXBuildFile; fileRef = 28CA1DFD18FAD68F005C5AD4 /* ViewController.m */; };
		28CA1E0718FAD6F6005C5AD4 /* CompaniesCell.m in Sources */ = {isa = PBXBuildFile; fileRef = 28CA1E0218FAD6F6005C5AD4 /* CompaniesCell.m */; };
		28CA1E0818FAD6F6005C5AD4 /* CompaniesCell.m in Sources */ = {isa = PBXBuildFile; fileRef = 28CA1E0218FAD6F6005C5AD4 /* CompaniesCell.m */; };
		28CA1E0918FAD6F6005C5AD4 /* RoleCell.m in Sources */ = {isa = PBXBuildFile; fileRef = 28CA1E0418FAD6F6005C5AD4 /* RoleCell.m */; };
		28CA1E0A18FAD6F6005C5AD4 /* RoleCell.m in Sources */ = {isa = PBXBuildFile; fileRef = 28CA1E0418FAD6F6005C5AD4 /* RoleCell.m */; };
		28CA1E0B18FAD6F6005C5AD4 /* UserCell.m in Sources */ = {isa = PBXBuildFile; fileRef = 28CA1E0618FAD6F6005C5AD4 /* UserCell.m */; };
		28CA1E0C18FAD6F6005C5AD4 /* UserCell.m in Sources */ = {isa = PBXBuildFile; fileRef = 28CA1E0618FAD6F6005C5AD4 /* UserCell.m */; };
		28CA1E1018FAD73A005C5AD4 /* Constants.m in Sources */ = {isa = PBXBuildFile; fileRef = 28CA1E0F18FAD73A005C5AD4 /* Constants.m */; };
		28CA1E1118FAD73A005C5AD4 /* Constants.m in Sources */ = {isa = PBXBuildFile; fileRef = 28CA1E0F18FAD73A005C5AD4 /* Constants.m */; };
		28CA1E1818FAD795005C5AD4 /* AsyncNetwork.m in Sources */ = {isa = PBXBuildFile; fileRef = 28CA1E1418FAD795005C5AD4 /* AsyncNetwork.m */; };
		28CA1E1918FAD795005C5AD4 /* AsyncNetwork.m in Sources */ = {isa = PBXBuildFile; fileRef = 28CA1E1418FAD795005C5AD4 /* AsyncNetwork.m */; };
		28CA1E1A18FAD795005C5AD4 /* interval_notes in Resources */ = {isa = PBXBuildFile; fileRef = 28CA1E1518FAD795005C5AD4 /* interval_notes */; };
		28CA1E1B18FAD795005C5AD4 /* interval_notes in Resources */ = {isa = PBXBuildFile; fileRef = 28CA1E1518FAD795005C5AD4 /* interval_notes */; };
		28CA1E1C18FAD795005C5AD4 /* Reachability.m in Sources */ = {isa = PBXBuildFile; fileRef = 28CA1E1718FAD795005C5AD4 /* Reachability.m */; };
		28CA1E1D18FAD795005C5AD4 /* Reachability.m in Sources */ = {isa = PBXBuildFile; fileRef = 28CA1E1718FAD795005C5AD4 /* Reachability.m */; };
		28CA1E1F18FAD814005C5AD4 /* SystemConfiguration.framework in Frameworks */ = {isa = PBXBuildFile; fileRef = 28CA1E1E18FAD814005C5AD4 /* SystemConfiguration.framework */; };
		28CA1E2418FAEA6C005C5AD4 /* automation_notes in Resources */ = {isa = PBXBuildFile; fileRef = 28CA1E2218FAEA6C005C5AD4 /* automation_notes */; };
		28CA1E2518FAEA6C005C5AD4 /* automation_notes in Resources */ = {isa = PBXBuildFile; fileRef = 28CA1E2218FAEA6C005C5AD4 /* automation_notes */; };
		28CA1E2618FAEA6C005C5AD4 /* unit_testing_notes in Resources */ = {isa = PBXBuildFile; fileRef = 28CA1E2318FAEA6C005C5AD4 /* unit_testing_notes */; };
		28CA1E2718FAEA6C005C5AD4 /* unit_testing_notes in Resources */ = {isa = PBXBuildFile; fileRef = 28CA1E2318FAEA6C005C5AD4 /* unit_testing_notes */; };
		28CA1E2D18FAF67F005C5AD4 /* screenshot1.png in Resources */ = {isa = PBXBuildFile; fileRef = 28CA1E2918FAF67F005C5AD4 /* screenshot1.png */; };
		28CA1E2E18FAF67F005C5AD4 /* screenshot1.png in Resources */ = {isa = PBXBuildFile; fileRef = 28CA1E2918FAF67F005C5AD4 /* screenshot1.png */; };
		28CA1E2F18FAF67F005C5AD4 /* screenshot2.png in Resources */ = {isa = PBXBuildFile; fileRef = 28CA1E2A18FAF67F005C5AD4 /* screenshot2.png */; };
		28CA1E3018FAF67F005C5AD4 /* screenshot2.png in Resources */ = {isa = PBXBuildFile; fileRef = 28CA1E2A18FAF67F005C5AD4 /* screenshot2.png */; };
		28CA1E3118FAF67F005C5AD4 /* screenshot3.png in Resources */ = {isa = PBXBuildFile; fileRef = 28CA1E2B18FAF67F005C5AD4 /* screenshot3.png */; };
		28CA1E3218FAF67F005C5AD4 /* screenshot3.png in Resources */ = {isa = PBXBuildFile; fileRef = 28CA1E2B18FAF67F005C5AD4 /* screenshot3.png */; };
		28CA1E3318FAF67F005C5AD4 /* screenshot4.png in Resources */ = {isa = PBXBuildFile; fileRef = 28CA1E2C18FAF67F005C5AD4 /* screenshot4.png */; };
		28CA1E3418FAF67F005C5AD4 /* screenshot4.png in Resources */ = {isa = PBXBuildFile; fileRef = 28CA1E2C18FAF67F005C5AD4 /* screenshot4.png */; };
		28CA1E3E18FAF6CC005C5AD4 /* PageController.m in Sources */ = {isa = PBXBuildFile; fileRef = 28CA1E3918FAF6CC005C5AD4 /* PageController.m */; };
		28CA1E3F18FAF6CC005C5AD4 /* PageController.m in Sources */ = {isa = PBXBuildFile; fileRef = 28CA1E3918FAF6CC005C5AD4 /* PageController.m */; };
		28CA1E4118FAF7A2005C5AD4 /* PageController.xib in Resources */ = {isa = PBXBuildFile; fileRef = 28CA1E4018FAF7A2005C5AD4 /* PageController.xib */; };
		28CA1E4218FAF7A2005C5AD4 /* PageController.xib in Resources */ = {isa = PBXBuildFile; fileRef = 28CA1E4018FAF7A2005C5AD4 /* PageController.xib */; };
		28CA1E4418FB0420005C5AD4 /* ViewController.xib in Resources */ = {isa = PBXBuildFile; fileRef = 28CA1E4318FB0420005C5AD4 /* ViewController.xib */; };
		28CA1E4718FB0E76005C5AD4 /* Manager.m in Sources */ = {isa = PBXBuildFile; fileRef = 28CA1E4618FB0E76005C5AD4 /* Manager.m */; };
		28CA1E4A18FB0F76005C5AD4 /* AAStats.m in Sources */ = {isa = PBXBuildFile; fileRef = 28CA1E4918FB0F76005C5AD4 /* AAStats.m */; };
/* End PBXBuildFile section */

/* Begin PBXContainerItemProxy section */
		28CA1DC718FAD0F7005C5AD4 /* PBXContainerItemProxy */ = {
			isa = PBXContainerItemProxy;
			containerPortal = 28CA1D9918FAD0F7005C5AD4 /* Project object */;
			proxyType = 1;
			remoteGlobalIDString = 28CA1DA018FAD0F7005C5AD4;
			remoteInfo = aastats;
		};
/* End PBXContainerItemProxy section */

/* Begin PBXFileReference section */
		28CA1DA118FAD0F7005C5AD4 /* aastats.app */ = {isa = PBXFileReference; explicitFileType = wrapper.application; includeInIndex = 0; path = aastats.app; sourceTree = BUILT_PRODUCTS_DIR; };
		28CA1DA418FAD0F7005C5AD4 /* Foundation.framework */ = {isa = PBXFileReference; lastKnownFileType = wrapper.framework; name = Foundation.framework; path = System/Library/Frameworks/Foundation.framework; sourceTree = SDKROOT; };
		28CA1DA618FAD0F7005C5AD4 /* CoreGraphics.framework */ = {isa = PBXFileReference; lastKnownFileType = wrapper.framework; name = CoreGraphics.framework; path = System/Library/Frameworks/CoreGraphics.framework; sourceTree = SDKROOT; };
		28CA1DA818FAD0F7005C5AD4 /* UIKit.framework */ = {isa = PBXFileReference; lastKnownFileType = wrapper.framework; name = UIKit.framework; path = System/Library/Frameworks/UIKit.framework; sourceTree = SDKROOT; };
		28CA1DAC18FAD0F7005C5AD4 /* aastats-Info.plist */ = {isa = PBXFileReference; lastKnownFileType = text.plist.xml; path = "aastats-Info.plist"; sourceTree = "<group>"; };
		28CA1DAE18FAD0F7005C5AD4 /* en */ = {isa = PBXFileReference; lastKnownFileType = text.plist.strings; name = en; path = en.lproj/InfoPlist.strings; sourceTree = "<group>"; };
		28CA1DB018FAD0F7005C5AD4 /* main.m */ = {isa = PBXFileReference; lastKnownFileType = sourcecode.c.objc; path = main.m; sourceTree = "<group>"; };
		28CA1DB218FAD0F7005C5AD4 /* aastats-Prefix.pch */ = {isa = PBXFileReference; lastKnownFileType = sourcecode.c.h; path = "aastats-Prefix.pch"; sourceTree = "<group>"; };
		28CA1DB318FAD0F7005C5AD4 /* AppDelegate.h */ = {isa = PBXFileReference; lastKnownFileType = sourcecode.c.h; path = AppDelegate.h; sourceTree = "<group>"; };
		28CA1DB418FAD0F7005C5AD4 /* AppDelegate.m */ = {isa = PBXFileReference; lastKnownFileType = sourcecode.c.objc; path = AppDelegate.m; sourceTree = "<group>"; };
		28CA1DB718FAD0F7005C5AD4 /* Base */ = {isa = PBXFileReference; lastKnownFileType = file.storyboard; name = Base; path = Base.lproj/Main.storyboard; sourceTree = "<group>"; };
		28CA1DBC18FAD0F7005C5AD4 /* Images.xcassets */ = {isa = PBXFileReference; lastKnownFileType = folder.assetcatalog; path = Images.xcassets; sourceTree = "<group>"; };
		28CA1DC218FAD0F7005C5AD4 /* aastatsTests.xctest */ = {isa = PBXFileReference; explicitFileType = wrapper.cfbundle; includeInIndex = 0; path = aastatsTests.xctest; sourceTree = BUILT_PRODUCTS_DIR; };
		28CA1DC318FAD0F7005C5AD4 /* XCTest.framework */ = {isa = PBXFileReference; lastKnownFileType = wrapper.framework; name = XCTest.framework; path = Library/Frameworks/XCTest.framework; sourceTree = DEVELOPER_DIR; };
		28CA1DCB18FAD0F7005C5AD4 /* aastatsTests-Info.plist */ = {isa = PBXFileReference; lastKnownFileType = text.plist.xml; path = "aastatsTests-Info.plist"; sourceTree = "<group>"; };
		28CA1DCD18FAD0F7005C5AD4 /* en */ = {isa = PBXFileReference; lastKnownFileType = text.plist.strings; name = en; path = en.lproj/InfoPlist.strings; sourceTree = "<group>"; };
		28CA1DCF18FAD0F7005C5AD4 /* aastatsTests.m */ = {isa = PBXFileReference; lastKnownFileType = sourcecode.c.objc; path = aastatsTests.m; sourceTree = "<group>"; };
		28CA1DDD18FAD46B005C5AD4 /* project_setup */ = {isa = PBXFileReference; fileEncoding = 4; lastKnownFileType = text; name = project_setup; path = Assests/reference/project_setup; sourceTree = "<group>"; };
		28CA1DDF18FAD47E005C5AD4 /* AA Stats App.markdown */ = {isa = PBXFileReference; fileEncoding = 4; lastKnownFileType = text; name = "AA Stats App.markdown"; path = "Assests/reference/AA Stats App.markdown"; sourceTree = "<group>"; };
		28CA1DE218FAD5EB005C5AD4 /* Company.h */ = {isa = PBXFileReference; fileEncoding = 4; lastKnownFileType = sourcecode.c.h; name = Company.h; path = Models/Company.h; sourceTree = "<group>"; };
		28CA1DE318FAD5EB005C5AD4 /* Company.m */ = {isa = PBXFileReference; fileEncoding = 4; lastKnownFileType = sourcecode.c.objc; name = Company.m; path = Models/Company.m; sourceTree = "<group>"; };
		28CA1DE418FAD5EB005C5AD4 /* Interval.h */ = {isa = PBXFileReference; fileEncoding = 4; lastKnownFileType = sourcecode.c.h; name = Interval.h; path = Models/Interval.h; sourceTree = "<group>"; };
		28CA1DE518FAD5EB005C5AD4 /* Interval.m */ = {isa = PBXFileReference; fileEncoding = 4; lastKnownFileType = sourcecode.c.objc; name = Interval.m; path = Models/Interval.m; sourceTree = "<group>"; };
		28CA1DE618FAD5EB005C5AD4 /* Permission.h */ = {isa = PBXFileReference; fileEncoding = 4; lastKnownFileType = sourcecode.c.h; name = Permission.h; path = Models/Permission.h; sourceTree = "<group>"; };
		28CA1DE718FAD5EB005C5AD4 /* Permission.m */ = {isa = PBXFileReference; fileEncoding = 4; lastKnownFileType = sourcecode.c.objc; name = Permission.m; path = Models/Permission.m; sourceTree = "<group>"; };
		28CA1DE818FAD5EB005C5AD4 /* Pivot.h */ = {isa = PBXFileReference; fileEncoding = 4; lastKnownFileType = sourcecode.c.h; name = Pivot.h; path = Models/Pivot.h; sourceTree = "<group>"; };
		28CA1DE918FAD5EB005C5AD4 /* Pivot.m */ = {isa = PBXFileReference; fileEncoding = 4; lastKnownFileType = sourcecode.c.objc; name = Pivot.m; path = Models/Pivot.m; sourceTree = "<group>"; };
		28CA1DEA18FAD5EB005C5AD4 /* Preference.h */ = {isa = PBXFileReference; fileEncoding = 4; lastKnownFileType = sourcecode.c.h; name = Preference.h; path = Models/Preference.h; sourceTree = "<group>"; };
		28CA1DEB18FAD5EB005C5AD4 /* Preference.m */ = {isa = PBXFileReference; fileEncoding = 4; lastKnownFileType = sourcecode.c.objc; name = Preference.m; path = Models/Preference.m; sourceTree = "<group>"; };
		28CA1DEC18FAD5EB005C5AD4 /* Role.h */ = {isa = PBXFileReference; fileEncoding = 4; lastKnownFileType = sourcecode.c.h; name = Role.h; path = Models/Role.h; sourceTree = "<group>"; };
		28CA1DED18FAD5EB005C5AD4 /* Role.m */ = {isa = PBXFileReference; fileEncoding = 4; lastKnownFileType = sourcecode.c.objc; name = Role.m; path = Models/Role.m; sourceTree = "<group>"; };
		28CA1DEE18FAD5EB005C5AD4 /* Status.h */ = {isa = PBXFileReference; fileEncoding = 4; lastKnownFileType = sourcecode.c.h; name = Status.h; path = Models/Status.h; sourceTree = "<group>"; };
		28CA1DEF18FAD5EB005C5AD4 /* Status.m */ = {isa = PBXFileReference; fileEncoding = 4; lastKnownFileType = sourcecode.c.objc; name = Status.m; path = Models/Status.m; sourceTree = "<group>"; };
		28CA1DF018FAD5EB005C5AD4 /* User.h */ = {isa = PBXFileReference; fileEncoding = 4; lastKnownFileType = sourcecode.c.h; name = User.h; path = Models/User.h; sourceTree = "<group>"; };
		28CA1DF118FAD5EB005C5AD4 /* User.m */ = {isa = PBXFileReference; fileEncoding = 4; lastKnownFileType = sourcecode.c.objc; name = User.m; path = Models/User.m; sourceTree = "<group>"; };
		28CA1DFC18FAD68F005C5AD4 /* ViewController.h */ = {isa = PBXFileReference; fileEncoding = 4; lastKnownFileType = sourcecode.c.h; path = ViewController.h; sourceTree = "<group>"; };
		28CA1DFD18FAD68F005C5AD4 /* ViewController.m */ = {isa = PBXFileReference; fileEncoding = 4; lastKnownFileType = sourcecode.c.objc; path = ViewController.m; sourceTree = "<group>"; };
		28CA1E0118FAD6F6005C5AD4 /* CompaniesCell.h */ = {isa = PBXFileReference; fileEncoding = 4; lastKnownFileType = sourcecode.c.h; path = CompaniesCell.h; sourceTree = "<group>"; };
		28CA1E0218FAD6F6005C5AD4 /* CompaniesCell.m */ = {isa = PBXFileReference; fileEncoding = 4; lastKnownFileType = sourcecode.c.objc; path = CompaniesCell.m; sourceTree = "<group>"; };
		28CA1E0318FAD6F6005C5AD4 /* RoleCell.h */ = {isa = PBXFileReference; fileEncoding = 4; lastKnownFileType = sourcecode.c.h; path = RoleCell.h; sourceTree = "<group>"; };
		28CA1E0418FAD6F6005C5AD4 /* RoleCell.m */ = {isa = PBXFileReference; fileEncoding = 4; lastKnownFileType = sourcecode.c.objc; path = RoleCell.m; sourceTree = "<group>"; };
		28CA1E0518FAD6F6005C5AD4 /* UserCell.h */ = {isa = PBXFileReference; fileEncoding = 4; lastKnownFileType = sourcecode.c.h; path = UserCell.h; sourceTree = "<group>"; };
		28CA1E0618FAD6F6005C5AD4 /* UserCell.m */ = {isa = PBXFileReference; fileEncoding = 4; lastKnownFileType = sourcecode.c.objc; path = UserCell.m; sourceTree = "<group>"; };
		28CA1E0E18FAD73A005C5AD4 /* Constants.h */ = {isa = PBXFileReference; fileEncoding = 4; lastKnownFileType = sourcecode.c.h; path = Constants.h; sourceTree = "<group>"; };
		28CA1E0F18FAD73A005C5AD4 /* Constants.m */ = {isa = PBXFileReference; fileEncoding = 4; lastKnownFileType = sourcecode.c.objc; path = Constants.m; sourceTree = "<group>"; };
		28CA1E1318FAD795005C5AD4 /* AsyncNetwork.h */ = {isa = PBXFileReference; fileEncoding = 4; lastKnownFileType = sourcecode.c.h; path = AsyncNetwork.h; sourceTree = "<group>"; };
		28CA1E1418FAD795005C5AD4 /* AsyncNetwork.m */ = {isa = PBXFileReference; fileEncoding = 4; lastKnownFileType = sourcecode.c.objc; path = AsyncNetwork.m; sourceTree = "<group>"; };
		28CA1E1518FAD795005C5AD4 /* interval_notes */ = {isa = PBXFileReference; fileEncoding = 4; lastKnownFileType = text; path = interval_notes; sourceTree = "<group>"; };
		28CA1E1618FAD795005C5AD4 /* Reachability.h */ = {isa = PBXFileReference; fileEncoding = 4; lastKnownFileType = sourcecode.c.h; path = Reachability.h; sourceTree = "<group>"; };
		28CA1E1718FAD795005C5AD4 /* Reachability.m */ = {isa = PBXFileReference; fileEncoding = 4; lastKnownFileType = sourcecode.c.objc; path = Reachability.m; sourceTree = "<group>"; };
		28CA1E1E18FAD814005C5AD4 /* SystemConfiguration.framework */ = {isa = PBXFileReference; lastKnownFileType = wrapper.framework; name = SystemConfiguration.framework; path = System/Library/Frameworks/SystemConfiguration.framework; sourceTree = SDKROOT; };
		28CA1E2218FAEA6C005C5AD4 /* automation_notes */ = {isa = PBXFileReference; fileEncoding = 4; lastKnownFileType = text; name = automation_notes; path = Assests/reference/automation_notes; sourceTree = "<group>"; };
		28CA1E2318FAEA6C005C5AD4 /* unit_testing_notes */ = {isa = PBXFileReference; fileEncoding = 4; lastKnownFileType = text; name = unit_testing_notes; path = Assests/reference/unit_testing_notes; sourceTree = "<group>"; };
		28CA1E2918FAF67F005C5AD4 /* screenshot1.png */ = {isa = PBXFileReference; lastKnownFileType = image.png; path = screenshot1.png; sourceTree = "<group>"; };
		28CA1E2A18FAF67F005C5AD4 /* screenshot2.png */ = {isa = PBXFileReference; lastKnownFileType = image.png; path = screenshot2.png; sourceTree = "<group>"; };
		28CA1E2B18FAF67F005C5AD4 /* screenshot3.png */ = {isa = PBXFileReference; lastKnownFileType = image.png; path = screenshot3.png; sourceTree = "<group>"; };
		28CA1E2C18FAF67F005C5AD4 /* screenshot4.png */ = {isa = PBXFileReference; lastKnownFileType = image.png; path = screenshot4.png; sourceTree = "<group>"; };
		28CA1E3818FAF6CC005C5AD4 /* PageController.h */ = {isa = PBXFileReference; fileEncoding = 4; lastKnownFileType = sourcecode.c.h; path = PageController.h; sourceTree = "<group>"; };
		28CA1E3918FAF6CC005C5AD4 /* PageController.m */ = {isa = PBXFileReference; fileEncoding = 4; lastKnownFileType = sourcecode.c.objc; path = PageController.m; sourceTree = "<group>"; };
		28CA1E4018FAF7A2005C5AD4 /* PageController.xib */ = {isa = PBXFileReference; fileEncoding = 4; lastKnownFileType = file.xib; path = PageController.xib; sourceTree = "<group>"; };
		28CA1E4318FB0420005C5AD4 /* ViewController.xib */ = {isa = PBXFileReference; fileEncoding = 4; lastKnownFileType = file.xib; path = ViewController.xib; sourceTree = "<group>"; };
		28CA1E4518FB0E76005C5AD4 /* Manager.h */ = {isa = PBXFileReference; fileEncoding = 4; lastKnownFileType = sourcecode.c.h; path = Manager.h; sourceTree = "<group>"; };
		28CA1E4618FB0E76005C5AD4 /* Manager.m */ = {isa = PBXFileReference; fileEncoding = 4; lastKnownFileType = sourcecode.c.objc; path = Manager.m; sourceTree = "<group>"; };
		28CA1E4818FB0F76005C5AD4 /* AAStats.h */ = {isa = PBXFileReference; fileEncoding = 4; lastKnownFileType = sourcecode.c.h; path = AAStats.h; sourceTree = "<group>"; };
		28CA1E4918FB0F76005C5AD4 /* AAStats.m */ = {isa = PBXFileReference; fileEncoding = 4; lastKnownFileType = sourcecode.c.objc; path = AAStats.m; sourceTree = "<group>"; };
/* End PBXFileReference section */

/* Begin PBXFrameworksBuildPhase section */
		28CA1D9E18FAD0F7005C5AD4 /* Frameworks */ = {
			isa = PBXFrameworksBuildPhase;
			buildActionMask = 2147483647;
			files = (
				28CA1E1F18FAD814005C5AD4 /* SystemConfiguration.framework in Frameworks */,
				28CA1DA718FAD0F7005C5AD4 /* CoreGraphics.framework in Frameworks */,
				28CA1DA918FAD0F7005C5AD4 /* UIKit.framework in Frameworks */,
				28CA1DA518FAD0F7005C5AD4 /* Foundation.framework in Frameworks */,
			);
			runOnlyForDeploymentPostprocessing = 0;
		};
		28CA1DBF18FAD0F7005C5AD4 /* Frameworks */ = {
			isa = PBXFrameworksBuildPhase;
			buildActionMask = 2147483647;
			files = (
				28CA1DC418FAD0F7005C5AD4 /* XCTest.framework in Frameworks */,
				28CA1DC618FAD0F7005C5AD4 /* UIKit.framework in Frameworks */,
				28CA1DC518FAD0F7005C5AD4 /* Foundation.framework in Frameworks */,
			);
			runOnlyForDeploymentPostprocessing = 0;
		};
/* End PBXFrameworksBuildPhase section */

/* Begin PBXGroup section */
		28CA1D9818FAD0F7005C5AD4 = {
			isa = PBXGroup;
			children = (
				28CA1DAA18FAD0F7005C5AD4 /* aastats */,
				28CA1DC918FAD0F7005C5AD4 /* aastatsTests */,
				28CA1DA318FAD0F7005C5AD4 /* Frameworks */,
				28CA1DA218FAD0F7005C5AD4 /* Products */,
			);
			sourceTree = "<group>";
		};
		28CA1DA218FAD0F7005C5AD4 /* Products */ = {
			isa = PBXGroup;
			children = (
				28CA1DA118FAD0F7005C5AD4 /* aastats.app */,
				28CA1DC218FAD0F7005C5AD4 /* aastatsTests.xctest */,
			);
			name = Products;
			sourceTree = "<group>";
		};
		28CA1DA318FAD0F7005C5AD4 /* Frameworks */ = {
			isa = PBXGroup;
			children = (
				28CA1E1E18FAD814005C5AD4 /* SystemConfiguration.framework */,
				28CA1DA418FAD0F7005C5AD4 /* Foundation.framework */,
				28CA1DA618FAD0F7005C5AD4 /* CoreGraphics.framework */,
				28CA1DA818FAD0F7005C5AD4 /* UIKit.framework */,
				28CA1DC318FAD0F7005C5AD4 /* XCTest.framework */,
			);
			name = Frameworks;
			sourceTree = "<group>";
		};
		28CA1DAA18FAD0F7005C5AD4 /* aastats */ = {
			isa = PBXGroup;
			children = (
				28CA1DB318FAD0F7005C5AD4 /* AppDelegate.h */,
				28CA1DB418FAD0F7005C5AD4 /* AppDelegate.m */,
				28CA1DD918FAD392005C5AD4 /* Assets */,
				28CA1DBC18FAD0F7005C5AD4 /* Images.xcassets */,
				28CA1DB618FAD0F7005C5AD4 /* Main.storyboard */,
				28CA1DE118FAD528005C5AD4 /* Models */,
				28CA1E1218FAD795005C5AD4 /* Services */,
				28CA1DAB18FAD0F7005C5AD4 /* Supporting Files */,
				28CA1E0D18FAD73A005C5AD4 /* Utilities */,
				28CA1DFB18FAD68F005C5AD4 /* View Controllers */,
			);
			path = aastats;
			sourceTree = "<group>";
		};
		28CA1DAB18FAD0F7005C5AD4 /* Supporting Files */ = {
			isa = PBXGroup;
			children = (
				28CA1DAC18FAD0F7005C5AD4 /* aastats-Info.plist */,
				28CA1DAD18FAD0F7005C5AD4 /* InfoPlist.strings */,
				28CA1DB018FAD0F7005C5AD4 /* main.m */,
				28CA1DB218FAD0F7005C5AD4 /* aastats-Prefix.pch */,
				28CA1E4818FB0F76005C5AD4 /* AAStats.h */,
				28CA1E4918FB0F76005C5AD4 /* AAStats.m */,
			);
			name = "Supporting Files";
			sourceTree = "<group>";
		};
		28CA1DC918FAD0F7005C5AD4 /* aastatsTests */ = {
			isa = PBXGroup;
			children = (
				28CA1DCF18FAD0F7005C5AD4 /* aastatsTests.m */,
				28CA1DCA18FAD0F7005C5AD4 /* Supporting Files */,
			);
			path = aastatsTests;
			sourceTree = "<group>";
		};
		28CA1DCA18FAD0F7005C5AD4 /* Supporting Files */ = {
			isa = PBXGroup;
			children = (
				28CA1DCB18FAD0F7005C5AD4 /* aastatsTests-Info.plist */,
				28CA1DCC18FAD0F7005C5AD4 /* InfoPlist.strings */,
			);
			name = "Supporting Files";
			sourceTree = "<group>";
		};
		28CA1DD918FAD392005C5AD4 /* Assets */ = {
			isa = PBXGroup;
			children = (
				28CA1E2818FAF67F005C5AD4 /* Images */,
				28CA1DDA18FAD39B005C5AD4 /* reference */,
			);
			name = Assets;
			sourceTree = "<group>";
		};
		28CA1DDA18FAD39B005C5AD4 /* reference */ = {
			isa = PBXGroup;
			children = (
				28CA1E2218FAEA6C005C5AD4 /* automation_notes */,
				28CA1E2318FAEA6C005C5AD4 /* unit_testing_notes */,
				28CA1DDF18FAD47E005C5AD4 /* AA Stats App.markdown */,
				28CA1DDD18FAD46B005C5AD4 /* project_setup */,
			);
			name = reference;
			sourceTree = "<group>";
		};
		28CA1DE118FAD528005C5AD4 /* Models */ = {
			isa = PBXGroup;
			children = (
				28CA1DE218FAD5EB005C5AD4 /* Company.h */,
				28CA1DE318FAD5EB005C5AD4 /* Company.m */,
				28CA1DE418FAD5EB005C5AD4 /* Interval.h */,
				28CA1DE518FAD5EB005C5AD4 /* Interval.m */,
				28CA1DE618FAD5EB005C5AD4 /* Permission.h */,
				28CA1DE718FAD5EB005C5AD4 /* Permission.m */,
				28CA1DE818FAD5EB005C5AD4 /* Pivot.h */,
				28CA1DE918FAD5EB005C5AD4 /* Pivot.m */,
				28CA1DEA18FAD5EB005C5AD4 /* Preference.h */,
				28CA1DEB18FAD5EB005C5AD4 /* Preference.m */,
				28CA1DEC18FAD5EB005C5AD4 /* Role.h */,
				28CA1DED18FAD5EB005C5AD4 /* Role.m */,
				28CA1DEE18FAD5EB005C5AD4 /* Status.h */,
				28CA1DEF18FAD5EB005C5AD4 /* Status.m */,
				28CA1DF018FAD5EB005C5AD4 /* User.h */,
				28CA1DF118FAD5EB005C5AD4 /* User.m */,
			);
			name = Models;
			sourceTree = "<group>";
		};
		28CA1DFB18FAD68F005C5AD4 /* View Controllers */ = {
			isa = PBXGroup;
			children = (
				28CA1E3818FAF6CC005C5AD4 /* PageController.h */,
				28CA1E3918FAF6CC005C5AD4 /* PageController.m */,
				28CA1E4018FAF7A2005C5AD4 /* PageController.xib */,
				28CA1E0018FAD6F6005C5AD4 /* Cells */,
				28CA1DFC18FAD68F005C5AD4 /* ViewController.h */,
				28CA1DFD18FAD68F005C5AD4 /* ViewController.m */,
				28CA1E4318FB0420005C5AD4 /* ViewController.xib */,
			);
			path = "View Controllers";
			sourceTree = "<group>";
		};
		28CA1E0018FAD6F6005C5AD4 /* Cells */ = {
			isa = PBXGroup;
			children = (
				28CA1E0118FAD6F6005C5AD4 /* CompaniesCell.h */,
				28CA1E0218FAD6F6005C5AD4 /* CompaniesCell.m */,
				28CA1E0318FAD6F6005C5AD4 /* RoleCell.h */,
				28CA1E0418FAD6F6005C5AD4 /* RoleCell.m */,
				28CA1E0518FAD6F6005C5AD4 /* UserCell.h */,
				28CA1E0618FAD6F6005C5AD4 /* UserCell.m */,
			);
			path = Cells;
			sourceTree = "<group>";
		};
		28CA1E0D18FAD73A005C5AD4 /* Utilities */ = {
			isa = PBXGroup;
			children = (
				28CA1E0E18FAD73A005C5AD4 /* Constants.h */,
				28CA1E0F18FAD73A005C5AD4 /* Constants.m */,
				28CA1E4518FB0E76005C5AD4 /* Manager.h */,
				28CA1E4618FB0E76005C5AD4 /* Manager.m */,
			);
			path = Utilities;
			sourceTree = "<group>";
		};
		28CA1E1218FAD795005C5AD4 /* Services */ = {
			isa = PBXGroup;
			children = (
				28CA1E1318FAD795005C5AD4 /* AsyncNetwork.h */,
				28CA1E1418FAD795005C5AD4 /* AsyncNetwork.m */,
				28CA1E1518FAD795005C5AD4 /* interval_notes */,
				28CA1E1618FAD795005C5AD4 /* Reachability.h */,
				28CA1E1718FAD795005C5AD4 /* Reachability.m */,
			);
			path = Services;
			sourceTree = "<group>";
		};
		28CA1E2818FAF67F005C5AD4 /* Images */ = {
			isa = PBXGroup;
			children = (
				28CA1E2918FAF67F005C5AD4 /* screenshot1.png */,
				28CA1E2A18FAF67F005C5AD4 /* screenshot2.png */,
				28CA1E2B18FAF67F005C5AD4 /* screenshot3.png */,
				28CA1E2C18FAF67F005C5AD4 /* screenshot4.png */,
			);
			name = Images;
			path = Assests/Images;
			sourceTree = "<group>";
		};
/* End PBXGroup section */

/* Begin PBXNativeTarget section */
		28CA1DA018FAD0F7005C5AD4 /* aastats */ = {
			isa = PBXNativeTarget;
			buildConfigurationList = 28CA1DD318FAD0F7005C5AD4 /* Build configuration list for PBXNativeTarget "aastats" */;
			buildPhases = (
				28CA1D9D18FAD0F7005C5AD4 /* Sources */,
				28CA1D9E18FAD0F7005C5AD4 /* Frameworks */,
				28CA1D9F18FAD0F7005C5AD4 /* Resources */,
			);
			buildRules = (
			);
			dependencies = (
			);
			name = aastats;
			productName = aastats;
			productReference = 28CA1DA118FAD0F7005C5AD4 /* aastats.app */;
			productType = "com.apple.product-type.application";
		};
		28CA1DC118FAD0F7005C5AD4 /* aastatsTests */ = {
			isa = PBXNativeTarget;
			buildConfigurationList = 28CA1DD618FAD0F7005C5AD4 /* Build configuration list for PBXNativeTarget "aastatsTests" */;
			buildPhases = (
				28CA1DBE18FAD0F7005C5AD4 /* Sources */,
				28CA1DBF18FAD0F7005C5AD4 /* Frameworks */,
				28CA1DC018FAD0F7005C5AD4 /* Resources */,
			);
			buildRules = (
			);
			dependencies = (
				28CA1DC818FAD0F7005C5AD4 /* PBXTargetDependency */,
			);
			name = aastatsTests;
			productName = aastatsTests;
			productReference = 28CA1DC218FAD0F7005C5AD4 /* aastatsTests.xctest */;
			productType = "com.apple.product-type.bundle.unit-test";
		};
/* End PBXNativeTarget section */

/* Begin PBXProject section */
		28CA1D9918FAD0F7005C5AD4 /* Project object */ = {
			isa = PBXProject;
			attributes = {
				LastUpgradeCheck = 0500;
				ORGANIZATIONNAME = Mocura;
				TargetAttributes = {
					28CA1DC118FAD0F7005C5AD4 = {
						TestTargetID = 28CA1DA018FAD0F7005C5AD4;
					};
				};
			};
			buildConfigurationList = 28CA1D9C18FAD0F7005C5AD4 /* Build configuration list for PBXProject "aastats" */;
			compatibilityVersion = "Xcode 3.2";
			developmentRegion = English;
			hasScannedForEncodings = 0;
			knownRegions = (
				en,
				Base,
			);
			mainGroup = 28CA1D9818FAD0F7005C5AD4;
			productRefGroup = 28CA1DA218FAD0F7005C5AD4 /* Products */;
			projectDirPath = "";
			projectRoot = "";
			targets = (
				28CA1DA018FAD0F7005C5AD4 /* aastats */,
				28CA1DC118FAD0F7005C5AD4 /* aastatsTests */,
			);
		};
/* End PBXProject section */

/* Begin PBXResourcesBuildPhase section */
		28CA1D9F18FAD0F7005C5AD4 /* Resources */ = {
			isa = PBXResourcesBuildPhase;
			buildActionMask = 2147483647;
			files = (
				28CA1E4118FAF7A2005C5AD4 /* PageController.xib in Resources */,
				28CA1E3318FAF67F005C5AD4 /* screenshot4.png in Resources */,
				28CA1E2418FAEA6C005C5AD4 /* automation_notes in Resources */,
				28CA1DBD18FAD0F7005C5AD4 /* Images.xcassets in Resources */,
				28CA1DAF18FAD0F7005C5AD4 /* InfoPlist.strings in Resources */,
				28CA1E2D18FAF67F005C5AD4 /* screenshot1.png in Resources */,
				28CA1DE018FAD47E005C5AD4 /* AA Stats App.markdown in Resources */,
				28CA1E1A18FAD795005C5AD4 /* interval_notes in Resources */,
				28CA1DDE18FAD46B005C5AD4 /* project_setup in Resources */,
				28CA1E4418FB0420005C5AD4 /* ViewController.xib in Resources */,
				28CA1DB818FAD0F7005C5AD4 /* Main.storyboard in Resources */,
				28CA1E3118FAF67F005C5AD4 /* screenshot3.png in Resources */,
				28CA1E2F18FAF67F005C5AD4 /* screenshot2.png in Resources */,
				28CA1E2618FAEA6C005C5AD4 /* unit_testing_notes in Resources */,
			);
			runOnlyForDeploymentPostprocessing = 0;
		};
		28CA1DC018FAD0F7005C5AD4 /* Resources */ = {
			isa = PBXResourcesBuildPhase;
			buildActionMask = 2147483647;
			files = (
				28CA1E4218FAF7A2005C5AD4 /* PageController.xib in Resources */,
				28CA1E3218FAF67F005C5AD4 /* screenshot3.png in Resources */,
				28CA1E3018FAF67F005C5AD4 /* screenshot2.png in Resources */,
				28CA1E2518FAEA6C005C5AD4 /* automation_notes in Resources */,
				28CA1DCE18FAD0F7005C5AD4 /* InfoPlist.strings in Resources */,
				28CA1E3418FAF67F005C5AD4 /* screenshot4.png in Resources */,
				28CA1E1B18FAD795005C5AD4 /* interval_notes in Resources */,
				28CA1E2718FAEA6C005C5AD4 /* unit_testing_notes in Resources */,
				28CA1E2E18FAF67F005C5AD4 /* screenshot1.png in Resources */,
			);
			runOnlyForDeploymentPostprocessing = 0;
		};
/* End PBXResourcesBuildPhase section */

/* Begin PBXSourcesBuildPhase section */
		28CA1D9D18FAD0F7005C5AD4 /* Sources */ = {
			isa = PBXSourcesBuildPhase;
			buildActionMask = 2147483647;
			files = (
				28CA1DF518FAD5EB005C5AD4 /* Pivot.m in Sources */,
				28CA1E4A18FB0F76005C5AD4 /* AAStats.m in Sources */,
				28CA1E1818FAD795005C5AD4 /* AsyncNetwork.m in Sources */,
				28CA1DF418FAD5EB005C5AD4 /* Permission.m in Sources */,
				28CA1DF818FAD5EB005C5AD4 /* Status.m in Sources */,
				28CA1DB518FAD0F7005C5AD4 /* AppDelegate.m in Sources */,
				28CA1DF318FAD5EB005C5AD4 /* Interval.m in Sources */,
				28CA1E1018FAD73A005C5AD4 /* Constants.m in Sources */,
				28CA1E0718FAD6F6005C5AD4 /* CompaniesCell.m in Sources */,
				28CA1DFE18FAD68F005C5AD4 /* ViewController.m in Sources */,
				28CA1E4718FB0E76005C5AD4 /* Manager.m in Sources */,
				28CA1DF918FAD5EB005C5AD4 /* User.m in Sources */,
				28CA1DF718FAD5EB005C5AD4 /* Role.m in Sources */,
				28CA1E0918FAD6F6005C5AD4 /* RoleCell.m in Sources */,
				28CA1DB118FAD0F7005C5AD4 /* main.m in Sources */,
				28CA1DF618FAD5EB005C5AD4 /* Preference.m in Sources */,
				28CA1E0B18FAD6F6005C5AD4 /* UserCell.m in Sources */,
				28CA1DF218FAD5EB005C5AD4 /* Company.m in Sources */,
				28CA1E1C18FAD795005C5AD4 /* Reachability.m in Sources */,
				28CA1E3E18FAF6CC005C5AD4 /* PageController.m in Sources */,
			);
			runOnlyForDeploymentPostprocessing = 0;
		};
		28CA1DBE18FAD0F7005C5AD4 /* Sources */ = {
			isa = PBXSourcesBuildPhase;
			buildActionMask = 2147483647;
			files = (
				28CA1DFF18FAD68F005C5AD4 /* ViewController.m in Sources */,
				28CA1E1918FAD795005C5AD4 /* AsyncNetwork.m in Sources */,
				28CA1E1D18FAD795005C5AD4 /* Reachability.m in Sources */,
				28CA1DD018FAD0F7005C5AD4 /* aastatsTests.m in Sources */,
				28CA1E0818FAD6F6005C5AD4 /* CompaniesCell.m in Sources */,
				28CA1E0C18FAD6F6005C5AD4 /* UserCell.m in Sources */,
				28CA1E3F18FAF6CC005C5AD4 /* PageController.m in Sources */,
				28CA1E0A18FAD6F6005C5AD4 /* RoleCell.m in Sources */,
				28CA1E1118FAD73A005C5AD4 /* Constants.m in Sources */,
			);
			runOnlyForDeploymentPostprocessing = 0;
		};
/* End PBXSourcesBuildPhase section */

/* Begin PBXTargetDependency section */
		28CA1DC818FAD0F7005C5AD4 /* PBXTargetDependency */ = {
			isa = PBXTargetDependency;
			target = 28CA1DA018FAD0F7005C5AD4 /* aastats */;
			targetProxy = 28CA1DC718FAD0F7005C5AD4 /* PBXContainerItemProxy */;
		};
/* End PBXTargetDependency section */

/* Begin PBXVariantGroup section */
		28CA1DAD18FAD0F7005C5AD4 /* InfoPlist.strings */ = {
			isa = PBXVariantGroup;
			children = (
				28CA1DAE18FAD0F7005C5AD4 /* en */,
			);
			name = InfoPlist.strings;
			sourceTree = "<group>";
		};
		28CA1DB618FAD0F7005C5AD4 /* Main.storyboard */ = {
			isa = PBXVariantGroup;
			children = (
				28CA1DB718FAD0F7005C5AD4 /* Base */,
			);
			name = Main.storyboard;
			sourceTree = "<group>";
		};
		28CA1DCC18FAD0F7005C5AD4 /* InfoPlist.strings */ = {
			isa = PBXVariantGroup;
			children = (
				28CA1DCD18FAD0F7005C5AD4 /* en */,
			);
			name = InfoPlist.strings;
			sourceTree = "<group>";
		};
/* End PBXVariantGroup section */

/* Begin XCBuildConfiguration section */
		28CA1DD118FAD0F7005C5AD4 /* Debug */ = {
			isa = XCBuildConfiguration;
			buildSettings = {
				ALWAYS_SEARCH_USER_PATHS = NO;
				ARCHS = "$(ARCHS_STANDARD_INCLUDING_64_BIT)";
				CLANG_CXX_LANGUAGE_STANDARD = "gnu++0x";
				CLANG_CXX_LIBRARY = "libc++";
				CLANG_ENABLE_MODULES = YES;
				CLANG_ENABLE_OBJC_ARC = YES;
				CLANG_WARN_BOOL_CONVERSION = YES;
				CLANG_WARN_CONSTANT_CONVERSION = YES;
				CLANG_WARN_DIRECT_OBJC_ISA_USAGE = YES_ERROR;
				CLANG_WARN_EMPTY_BODY = YES;
				CLANG_WARN_ENUM_CONVERSION = YES;
				CLANG_WARN_INT_CONVERSION = YES;
				CLANG_WARN_OBJC_ROOT_CLASS = YES_ERROR;
				CLANG_WARN__DUPLICATE_METHOD_MATCH = YES;
				"CODE_SIGN_IDENTITY[sdk=iphoneos*]" = "iPhone Developer";
				COPY_PHASE_STRIP = NO;
				GCC_C_LANGUAGE_STANDARD = gnu99;
				GCC_DYNAMIC_NO_PIC = NO;
				GCC_OPTIMIZATION_LEVEL = 0;
				GCC_PREPROCESSOR_DEFINITIONS = (
					"DEBUG=1",
					"$(inherited)",
				);
				GCC_SYMBOLS_PRIVATE_EXTERN = NO;
				GCC_WARN_64_TO_32_BIT_CONVERSION = YES;
				GCC_WARN_ABOUT_RETURN_TYPE = YES_ERROR;
				GCC_WARN_UNDECLARED_SELECTOR = YES;
				GCC_WARN_UNINITIALIZED_AUTOS = YES;
				GCC_WARN_UNUSED_FUNCTION = YES;
				GCC_WARN_UNUSED_VARIABLE = YES;
				IPHONEOS_DEPLOYMENT_TARGET = 7.0;
				ONLY_ACTIVE_ARCH = YES;
				SDKROOT = iphoneos;
			};
			name = Debug;
		};
		28CA1DD218FAD0F7005C5AD4 /* Release */ = {
			isa = XCBuildConfiguration;
			buildSettings = {
				ALWAYS_SEARCH_USER_PATHS = NO;
				ARCHS = "$(ARCHS_STANDARD_INCLUDING_64_BIT)";
				CLANG_CXX_LANGUAGE_STANDARD = "gnu++0x";
				CLANG_CXX_LIBRARY = "libc++";
				CLANG_ENABLE_MODULES = YES;
				CLANG_ENABLE_OBJC_ARC = YES;
				CLANG_WARN_BOOL_CONVERSION = YES;
				CLANG_WARN_CONSTANT_CONVERSION = YES;
				CLANG_WARN_DIRECT_OBJC_ISA_USAGE = YES_ERROR;
				CLANG_WARN_EMPTY_BODY = YES;
				CLANG_WARN_ENUM_CONVERSION = YES;
				CLANG_WARN_INT_CONVERSION = YES;
				CLANG_WARN_OBJC_ROOT_CLASS = YES_ERROR;
				CLANG_WARN__DUPLICATE_METHOD_MATCH = YES;
				"CODE_SIGN_IDENTITY[sdk=iphoneos*]" = "iPhone Developer";
				COPY_PHASE_STRIP = YES;
				ENABLE_NS_ASSERTIONS = NO;
				GCC_C_LANGUAGE_STANDARD = gnu99;
				GCC_WARN_64_TO_32_BIT_CONVERSION = YES;
				GCC_WARN_ABOUT_RETURN_TYPE = YES_ERROR;
				GCC_WARN_UNDECLARED_SELECTOR = YES;
				GCC_WARN_UNINITIALIZED_AUTOS = YES;
				GCC_WARN_UNUSED_FUNCTION = YES;
				GCC_WARN_UNUSED_VARIABLE = YES;
				IPHONEOS_DEPLOYMENT_TARGET = 7.0;
				SDKROOT = iphoneos;
				VALIDATE_PRODUCT = YES;
			};
			name = Release;
		};
		28CA1DD418FAD0F7005C5AD4 /* Debug */ = {
			isa = XCBuildConfiguration;
			buildSettings = {
				ASSETCATALOG_COMPILER_APPICON_NAME = AppIcon;
				ASSETCATALOG_COMPILER_LAUNCHIMAGE_NAME = LaunchImage;
				GCC_PRECOMPILE_PREFIX_HEADER = YES;
				GCC_PREFIX_HEADER = "aastats/aastats-Prefix.pch";
				INFOPLIST_FILE = "aastats/aastats-Info.plist";
				PRODUCT_NAME = "$(TARGET_NAME)";
				WRAPPER_EXTENSION = app;
			};
			name = Debug;
		};
		28CA1DD518FAD0F7005C5AD4 /* Release */ = {
			isa = XCBuildConfiguration;
			buildSettings = {
				ASSETCATALOG_COMPILER_APPICON_NAME = AppIcon;
				ASSETCATALOG_COMPILER_LAUNCHIMAGE_NAME = LaunchImage;
				GCC_PRECOMPILE_PREFIX_HEADER = YES;
				GCC_PREFIX_HEADER = "aastats/aastats-Prefix.pch";
				INFOPLIST_FILE = "aastats/aastats-Info.plist";
				PRODUCT_NAME = "$(TARGET_NAME)";
				WRAPPER_EXTENSION = app;
			};
			name = Release;
		};
		28CA1DD718FAD0F7005C5AD4 /* Debug */ = {
			isa = XCBuildConfiguration;
			buildSettings = {
				ARCHS = "$(ARCHS_STANDARD_INCLUDING_64_BIT)";
				BUNDLE_LOADER = "$(BUILT_PRODUCTS_DIR)/aastats.app/aastats";
				FRAMEWORK_SEARCH_PATHS = (
					"$(SDKROOT)/Developer/Library/Frameworks",
					"$(inherited)",
					"$(DEVELOPER_FRAMEWORKS_DIR)",
				);
				GCC_PRECOMPILE_PREFIX_HEADER = YES;
				GCC_PREFIX_HEADER = "aastats/aastats-Prefix.pch";
				GCC_PREPROCESSOR_DEFINITIONS = (
					"DEBUG=1",
					"$(inherited)",
				);
				INFOPLIST_FILE = "aastatsTests/aastatsTests-Info.plist";
				PRODUCT_NAME = "$(TARGET_NAME)";
				TEST_HOST = "$(BUNDLE_LOADER)";
				WRAPPER_EXTENSION = xctest;
			};
			name = Debug;
		};
		28CA1DD818FAD0F7005C5AD4 /* Release */ = {
			isa = XCBuildConfiguration;
			buildSettings = {
				ARCHS = "$(ARCHS_STANDARD_INCLUDING_64_BIT)";
				BUNDLE_LOADER = "$(BUILT_PRODUCTS_DIR)/aastats.app/aastats";
				FRAMEWORK_SEARCH_PATHS = (
					"$(SDKROOT)/Developer/Library/Frameworks",
					"$(inherited)",
					"$(DEVELOPER_FRAMEWORKS_DIR)",
				);
				GCC_PRECOMPILE_PREFIX_HEADER = YES;
				GCC_PREFIX_HEADER = "aastats/aastats-Prefix.pch";
				INFOPLIST_FILE = "aastatsTests/aastatsTests-Info.plist";
				PRODUCT_NAME = "$(TARGET_NAME)";
				TEST_HOST = "$(BUNDLE_LOADER)";
				WRAPPER_EXTENSION = xctest;
			};
			name = Release;
		};
/* End XCBuildConfiguration section */

/* Begin XCConfigurationList section */
		28CA1D9C18FAD0F7005C5AD4 /* Build configuration list for PBXProject "aastats" */ = {
			isa = XCConfigurationList;
			buildConfigurations = (
				28CA1DD118FAD0F7005C5AD4 /* Debug */,
				28CA1DD218FAD0F7005C5AD4 /* Release */,
			);
			defaultConfigurationIsVisible = 0;
			defaultConfigurationName = Release;
		};
		28CA1DD318FAD0F7005C5AD4 /* Build configuration list for PBXNativeTarget "aastats" */ = {
			isa = XCConfigurationList;
			buildConfigurations = (
				28CA1DD418FAD0F7005C5AD4 /* Debug */,
				28CA1DD518FAD0F7005C5AD4 /* Release */,
			);
			defaultConfigurationIsVisible = 0;
			defaultConfigurationName = Release;
		};
		28CA1DD618FAD0F7005C5AD4 /* Build configuration list for PBXNativeTarget "aastatsTests" */ = {
			isa = XCConfigurationList;
			buildConfigurations = (
				28CA1DD718FAD0F7005C5AD4 /* Debug */,
				28CA1DD818FAD0F7005C5AD4 /* Release */,
			);
			defaultConfigurationIsVisible = 0;
			defaultConfigurationName = Release;
		};
/* End XCConfigurationList section */
	};
	rootObject = 28CA1D9918FAD0F7005C5AD4 /* Project object */;
}
